{
  "name": "fivem-nui-boilerplate",
  "version": "1.0.0",
  "lockfileVersion": 2,
  "requires": true,
  "packages": {
    "": {
      "name": "fivem-nui-boilerplate",
      "version": "1.0.0",
      "license": "ISC",
      "devDependencies": {
        "@citizenfx/client": "^2.0.6736-1",
        "@citizenfx/server": "^2.0.6736-1",
        "@types/node": "^20.7.1"
      }
    },
    "node_modules/@citizenfx/client": {
      "version": "2.0.6736-1",
      "resolved": "https://registry.npmjs.org/@citizenfx/client/-/client-2.0.6736-1.tgz",
      "integrity": "sha512-V35LieavXxENiYg+z9frigdbc/OecdkfyStEAeV6rm4KAqArtaFxnTYwfv10ow/puP0/kZAlzlKgRKQIwUBS0Q==",
      "dev": true
    },
    "node_modules/@citizenfx/server": {
      "version": "2.0.6736-1",
      "resolved": "https://registry.npmjs.org/@citizenfx/server/-/server-2.0.6736-1.tgz",
      "integrity": "sha512-2pwxqUuI9M5Y5DBlK0vBv68nAjp0VQ5izpPyeCADzk2UnrJOgzwY4VAj5cac1daL9QpyDqSCj9zDPUGIV/HLtw==",
      "dev": true
    },
    "node_modules/@types/node": {
      "version": "20.7.1",
      "resolved": "https://registry.npmjs.org/@types/node/-/node-20.7.1.tgz",
      "integrity": "sha512-LT+OIXpp2kj4E2S/p91BMe+VgGX2+lfO+XTpfXhh+bCk2LkQtHZSub8ewFBMGP5ClysPjTDFa4sMI8Q3n4T0wg==",
      "dev": true
    }
  },
  "dependencies": {
    "@citizenfx/client": {
      "version": "2.0.6736-1",
      "resolved": "https://registry.npmjs.org/@citizenfx/client/-/client-2.0.6736-1.tgz",
      "integrity": "sha512-V35LieavXxENiYg+z9frigdbc/OecdkfyStEAeV6rm4KAqArtaFxnTYwfv10ow/puP0/kZAlzlKgRKQIwUBS0Q==",
      "dev": true
    },
    "@citizenfx/server": {
      "version": "2.0.6736-1",
      "resolved": "https://registry.npmjs.org/@citizenfx/server/-/server-2.0.6736-1.tgz",
      "integrity": "sha512-2pwxqUuI9M5Y5DBlK0vBv68nAjp0VQ5izpPyeCADzk2UnrJOgzwY4VAj5cac1daL9QpyDqSCj9zDPUGIV/HLtw==",
      "dev": true
    },
    "@types/node": {
      "version": "20.7.1",
      "resolved": "https://registry.npmjs.org/@types/node/-/node-20.7.1.tgz",
      "integrity": "sha512-LT+OIXpp2kj4E2S/p91BMe+VgGX2+lfO+XTpfXhh+bCk2LkQtHZSub8ewFBMGP5ClysPjTDFa4sMI8Q3n4T0wg==",
      "dev": true
    }
  }
}
